// !$*UTF8*$!
{
	archiveVersion = 1;
	classes = {
	};
	objectVersion = 55;
	objects = {

/* Begin PBXBuildFile section */
		52853FA028CD47C200462AA9 /* TreeHuggerApp.swift in Sources */ = {isa = PBXBuildFile; fileRef = 52853F9F28CD47C200462AA9 /* TreeHuggerApp.swift */; };
		52853FA228CD47C200462AA9 /* TreeHuggerView.swift in Sources */ = {isa = PBXBuildFile; fileRef = 52853FA128CD47C200462AA9 /* TreeHuggerView.swift */; };
		52853FA428CD47C300462AA9 /* Assets.xcassets in Resources */ = {isa = PBXBuildFile; fileRef = 52853FA328CD47C300462AA9 /* Assets.xcassets */; };
		52853FA728CD47C300462AA9 /* Preview Assets.xcassets in Resources */ = {isa = PBXBuildFile; fileRef = 52853FA628CD47C300462AA9 /* Preview Assets.xcassets */; };
		52853FB128CD47C300462AA9 /* TreeHuggerTests.swift in Sources */ = {isa = PBXBuildFile; fileRef = 52853FB028CD47C300462AA9 /* TreeHuggerTests.swift */; };
		52853FBB28CD47C300462AA9 /* TreeHuggerUITests.swift in Sources */ = {isa = PBXBuildFile; fileRef = 52853FBA28CD47C300462AA9 /* TreeHuggerUITests.swift */; };
		52853FBD28CD47C300462AA9 /* TreeHuggerUITestsLaunchTests.swift in Sources */ = {isa = PBXBuildFile; fileRef = 52853FBC28CD47C300462AA9 /* TreeHuggerUITestsLaunchTests.swift */; };
		52853FCE28CD4B0300462AA9 /* MapKit.framework in Frameworks */ = {isa = PBXBuildFile; fileRef = 52853FCD28CD4B0300462AA9 /* MapKit.framework */; };
		52853FD028CD4EFA00462AA9 /* MapView.swift in Sources */ = {isa = PBXBuildFile; fileRef = 52853FCF28CD4EFA00462AA9 /* MapView.swift */; };
		52853FD228CD523200462AA9 /* SettingsView.swift in Sources */ = {isa = PBXBuildFile; fileRef = 52853FD128CD523200462AA9 /* SettingsView.swift */; };
		52853FD428CEAA4B00462AA9 /* ContentViewModel.swift in Sources */ = {isa = PBXBuildFile; fileRef = 52853FD328CEAA4B00462AA9 /* ContentViewModel.swift */; };
		52853FD628CEB6D200462AA9 /* TreeLocation.swift in Sources */ = {isa = PBXBuildFile; fileRef = 52853FD528CEB6D200462AA9 /* TreeLocation.swift */; };
		52853FD828CEBC6E00462AA9 /* TreeView.swift in Sources */ = {isa = PBXBuildFile; fileRef = 52853FD728CEBC6E00462AA9 /* TreeView.swift */; };
/* End PBXBuildFile section */

/* Begin PBXContainerItemProxy section */
		52853FAD28CD47C300462AA9 /* PBXContainerItemProxy */ = {
			isa = PBXContainerItemProxy;
			containerPortal = 52853F9428CD47C200462AA9 /* Project object */;
			proxyType = 1;
			remoteGlobalIDString = 52853F9B28CD47C200462AA9;
			remoteInfo = TreeHugger;
		};
		52853FB728CD47C300462AA9 /* PBXContainerItemProxy */ = {
			isa = PBXContainerItemProxy;
			containerPortal = 52853F9428CD47C200462AA9 /* Project object */;
			proxyType = 1;
			remoteGlobalIDString = 52853F9B28CD47C200462AA9;
			remoteInfo = TreeHugger;
		};
/* End PBXContainerItemProxy section */

/* Begin PBXFileReference section */
		52853F9C28CD47C200462AA9 /* TreeHugger.app */ = {isa = PBXFileReference; explicitFileType = wrapper.application; includeInIndex = 0; path = TreeHugger.app; sourceTree = BUILT_PRODUCTS_DIR; };
		52853F9F28CD47C200462AA9 /* TreeHuggerApp.swift */ = {isa = PBXFileReference; lastKnownFileType = sourcecode.swift; path = TreeHuggerApp.swift; sourceTree = "<group>"; };
		52853FA128CD47C200462AA9 /* TreeHuggerView.swift */ = {isa = PBXFileReference; lastKnownFileType = sourcecode.swift; path = TreeHuggerView.swift; sourceTree = "<group>"; };
		52853FA328CD47C300462AA9 /* Assets.xcassets */ = {isa = PBXFileReference; lastKnownFileType = folder.assetcatalog; path = Assets.xcassets; sourceTree = "<group>"; };
		52853FA628CD47C300462AA9 /* Preview Assets.xcassets */ = {isa = PBXFileReference; lastKnownFileType = folder.assetcatalog; path = "Preview Assets.xcassets"; sourceTree = "<group>"; };
		52853FAC28CD47C300462AA9 /* TreeHuggerTests.xctest */ = {isa = PBXFileReference; explicitFileType = wrapper.cfbundle; includeInIndex = 0; path = TreeHuggerTests.xctest; sourceTree = BUILT_PRODUCTS_DIR; };
		52853FB028CD47C300462AA9 /* TreeHuggerTests.swift */ = {isa = PBXFileReference; lastKnownFileType = sourcecode.swift; path = TreeHuggerTests.swift; sourceTree = "<group>"; };
		52853FB628CD47C300462AA9 /* TreeHuggerUITests.xctest */ = {isa = PBXFileReference; explicitFileType = wrapper.cfbundle; includeInIndex = 0; path = TreeHuggerUITests.xctest; sourceTree = BUILT_PRODUCTS_DIR; };
		52853FBA28CD47C300462AA9 /* TreeHuggerUITests.swift */ = {isa = PBXFileReference; lastKnownFileType = sourcecode.swift; path = TreeHuggerUITests.swift; sourceTree = "<group>"; };
		52853FBC28CD47C300462AA9 /* TreeHuggerUITestsLaunchTests.swift */ = {isa = PBXFileReference; lastKnownFileType = sourcecode.swift; path = TreeHuggerUITestsLaunchTests.swift; sourceTree = "<group>"; };
		52853FCB28CD4B0200462AA9 /* Info.plist */ = {isa = PBXFileReference; lastKnownFileType = text.plist; path = Info.plist; sourceTree = "<group>"; };
		52853FCD28CD4B0300462AA9 /* MapKit.framework */ = {isa = PBXFileReference; lastKnownFileType = wrapper.framework; name = MapKit.framework; path = System/Library/Frameworks/MapKit.framework; sourceTree = SDKROOT; };
		52853FCF28CD4EFA00462AA9 /* MapView.swift */ = {isa = PBXFileReference; lastKnownFileType = sourcecode.swift; path = MapView.swift; sourceTree = "<group>"; };
		52853FD128CD523200462AA9 /* SettingsView.swift */ = {isa = PBXFileReference; lastKnownFileType = sourcecode.swift; path = SettingsView.swift; sourceTree = "<group>"; };
		52853FD328CEAA4B00462AA9 /* ContentViewModel.swift */ = {isa = PBXFileReference; lastKnownFileType = sourcecode.swift; path = ContentViewModel.swift; sourceTree = "<group>"; };
		52853FD528CEB6D200462AA9 /* TreeLocation.swift */ = {isa = PBXFileReference; lastKnownFileType = sourcecode.swift; path = TreeLocation.swift; sourceTree = "<group>"; };
		52853FD728CEBC6E00462AA9 /* TreeView.swift */ = {isa = PBXFileReference; lastKnownFileType = sourcecode.swift; path = TreeView.swift; sourceTree = "<group>"; };
/* End PBXFileReference section */

/* Begin PBXFrameworksBuildPhase section */
		52853F9928CD47C200462AA9 /* Frameworks */ = {
			isa = PBXFrameworksBuildPhase;
			buildActionMask = 2147483647;
			files = (
				52853FCE28CD4B0300462AA9 /* MapKit.framework in Frameworks */,
			);
			runOnlyForDeploymentPostprocessing = 0;
		};
		52853FA928CD47C300462AA9 /* Frameworks */ = {
			isa = PBXFrameworksBuildPhase;
			buildActionMask = 2147483647;
			files = (
			);
			runOnlyForDeploymentPostprocessing = 0;
		};
		52853FB328CD47C300462AA9 /* Frameworks */ = {
			isa = PBXFrameworksBuildPhase;
			buildActionMask = 2147483647;
			files = (
			);
			runOnlyForDeploymentPostprocessing = 0;
		};
/* End PBXFrameworksBuildPhase section */

/* Begin PBXGroup section */
		52853F9328CD47C200462AA9 = {
			isa = PBXGroup;
			children = (
				52853F9E28CD47C200462AA9 /* TreeHugger */,
				52853FAF28CD47C300462AA9 /* TreeHuggerTests */,
				52853FB928CD47C300462AA9 /* TreeHuggerUITests */,
				52853F9D28CD47C200462AA9 /* Products */,
				52853FCC28CD4B0300462AA9 /* Frameworks */,
			);
			sourceTree = "<group>";
		};
		52853F9D28CD47C200462AA9 /* Products */ = {
			isa = PBXGroup;
			children = (
				52853F9C28CD47C200462AA9 /* TreeHugger.app */,
				52853FAC28CD47C300462AA9 /* TreeHuggerTests.xctest */,
				52853FB628CD47C300462AA9 /* TreeHuggerUITests.xctest */,
			);
			name = Products;
			sourceTree = "<group>";
		};
		52853F9E28CD47C200462AA9 /* TreeHugger */ = {
			isa = PBXGroup;
			children = (
				52853FCB28CD4B0200462AA9 /* Info.plist */,
				52853F9F28CD47C200462AA9 /* TreeHuggerApp.swift */,
				52853FA128CD47C200462AA9 /* TreeHuggerView.swift */,
				52853FA328CD47C300462AA9 /* Assets.xcassets */,
				52853FA528CD47C300462AA9 /* Preview Content */,
				52853FCF28CD4EFA00462AA9 /* MapView.swift */,
				52853FD128CD523200462AA9 /* SettingsView.swift */,
				52853FD328CEAA4B00462AA9 /* ContentViewModel.swift */,
				52853FD528CEB6D200462AA9 /* TreeLocation.swift */,
				52853FD728CEBC6E00462AA9 /* TreeView.swift */,
			);
			path = TreeHugger;
			sourceTree = "<group>";
		};
		52853FA528CD47C300462AA9 /* Preview Content */ = {
			isa = PBXGroup;
			children = (
				52853FA628CD47C300462AA9 /* Preview Assets.xcassets */,
			);
			path = "Preview Content";
			sourceTree = "<group>";
		};
		52853FAF28CD47C300462AA9 /* TreeHuggerTests */ = {
			isa = PBXGroup;
			children = (
				52853FB028CD47C300462AA9 /* TreeHuggerTests.swift */,
			);
			path = TreeHuggerTests;
			sourceTree = "<group>";
		};
		52853FB928CD47C300462AA9 /* TreeHuggerUITests */ = {
			isa = PBXGroup;
			children = (
				52853FBA28CD47C300462AA9 /* TreeHuggerUITests.swift */,
				52853FBC28CD47C300462AA9 /* TreeHuggerUITestsLaunchTests.swift */,
			);
			path = TreeHuggerUITests;
			sourceTree = "<group>";
		};
		52853FCC28CD4B0300462AA9 /* Frameworks */ = {
			isa = PBXGroup;
			children = (
				52853FCD28CD4B0300462AA9 /* MapKit.framework */,
			);
			name = Frameworks;
			sourceTree = "<group>";
		};
/* End PBXGroup section */

/* Begin PBXNativeTarget section */
		52853F9B28CD47C200462AA9 /* TreeHugger */ = {
			isa = PBXNativeTarget;
			buildConfigurationList = 52853FC028CD47C300462AA9 /* Build configuration list for PBXNativeTarget "TreeHugger" */;
			buildPhases = (
				52853F9828CD47C200462AA9 /* Sources */,
				52853F9928CD47C200462AA9 /* Frameworks */,
				52853F9A28CD47C200462AA9 /* Resources */,
			);
			buildRules = (
			);
			dependencies = (
			);
			name = TreeHugger;
			productName = TreeHugger;
			productReference = 52853F9C28CD47C200462AA9 /* TreeHugger.app */;
			productType = "com.apple.product-type.application";
		};
		52853FAB28CD47C300462AA9 /* TreeHuggerTests */ = {
			isa = PBXNativeTarget;
			buildConfigurationList = 52853FC328CD47C300462AA9 /* Build configuration list for PBXNativeTarget "TreeHuggerTests" */;
			buildPhases = (
				52853FA828CD47C300462AA9 /* Sources */,
				52853FA928CD47C300462AA9 /* Frameworks */,
				52853FAA28CD47C300462AA9 /* Resources */,
			);
			buildRules = (
			);
			dependencies = (
				52853FAE28CD47C300462AA9 /* PBXTargetDependency */,
			);
			name = TreeHuggerTests;
			productName = TreeHuggerTests;
			productReference = 52853FAC28CD47C300462AA9 /* TreeHuggerTests.xctest */;
			productType = "com.apple.product-type.bundle.unit-test";
		};
		52853FB528CD47C300462AA9 /* TreeHuggerUITests */ = {
			isa = PBXNativeTarget;
			buildConfigurationList = 52853FC628CD47C300462AA9 /* Build configuration list for PBXNativeTarget "TreeHuggerUITests" */;
			buildPhases = (
				52853FB228CD47C300462AA9 /* Sources */,
				52853FB328CD47C300462AA9 /* Frameworks */,
				52853FB428CD47C300462AA9 /* Resources */,
			);
			buildRules = (
			);
			dependencies = (
				52853FB828CD47C300462AA9 /* PBXTargetDependency */,
			);
			name = TreeHuggerUITests;
			productName = TreeHuggerUITests;
			productReference = 52853FB628CD47C300462AA9 /* TreeHuggerUITests.xctest */;
			productType = "com.apple.product-type.bundle.ui-testing";
		};
/* End PBXNativeTarget section */

/* Begin PBXProject section */
		52853F9428CD47C200462AA9 /* Project object */ = {
			isa = PBXProject;
			attributes = {
				BuildIndependentTargetsInParallel = 1;
				LastSwiftUpdateCheck = 1340;
				LastUpgradeCheck = 1340;
				TargetAttributes = {
					52853F9B28CD47C200462AA9 = {
						CreatedOnToolsVersion = 13.4.1;
					};
					52853FAB28CD47C300462AA9 = {
						CreatedOnToolsVersion = 13.4.1;
						TestTargetID = 52853F9B28CD47C200462AA9;
					};
					52853FB528CD47C300462AA9 = {
						CreatedOnToolsVersion = 13.4.1;
						TestTargetID = 52853F9B28CD47C200462AA9;
					};
				};
			};
			buildConfigurationList = 52853F9728CD47C200462AA9 /* Build configuration list for PBXProject "TreeHugger" */;
			compatibilityVersion = "Xcode 13.0";
			developmentRegion = en;
			hasScannedForEncodings = 0;
			knownRegions = (
				en,
				Base,
			);
			mainGroup = 52853F9328CD47C200462AA9;
			productRefGroup = 52853F9D28CD47C200462AA9 /* Products */;
			projectDirPath = "";
			projectRoot = "";
			targets = (
				52853F9B28CD47C200462AA9 /* TreeHugger */,
				52853FAB28CD47C300462AA9 /* TreeHuggerTests */,
				52853FB528CD47C300462AA9 /* TreeHuggerUITests */,
			);
		};
/* End PBXProject section */

/* Begin PBXResourcesBuildPhase section */
		52853F9A28CD47C200462AA9 /* Resources */ = {
			isa = PBXResourcesBuildPhase;
			buildActionMask = 2147483647;
			files = (
				52853FA728CD47C300462AA9 /* Preview Assets.xcassets in Resources */,
				52853FA428CD47C300462AA9 /* Assets.xcassets in Resources */,
			);
			runOnlyForDeploymentPostprocessing = 0;
		};
		52853FAA28CD47C300462AA9 /* Resources */ = {
			isa = PBXResourcesBuildPhase;
			buildActionMask = 2147483647;
			files = (
			);
			runOnlyForDeploymentPostprocessing = 0;
		};
		52853FB428CD47C300462AA9 /* Resources */ = {
			isa = PBXResourcesBuildPhase;
			buildActionMask = 2147483647;
			files = (
			);
			runOnlyForDeploymentPostprocessing = 0;
		};
/* End PBXResourcesBuildPhase section */

/* Begin PBXSourcesBuildPhase section */
		52853F9828CD47C200462AA9 /* Sources */ = {
			isa = PBXSourcesBuildPhase;
			buildActionMask = 2147483647;
			files = (
				52853FD028CD4EFA00462AA9 /* MapView.swift in Sources */,
				52853FD428CEAA4B00462AA9 /* ContentViewModel.swift in Sources */,
				52853FD228CD523200462AA9 /* SettingsView.swift in Sources */,
				52853FD628CEB6D200462AA9 /* TreeLocation.swift in Sources */,
				52853FA228CD47C200462AA9 /* TreeHuggerView.swift in Sources */,
				52853FD828CEBC6E00462AA9 /* TreeView.swift in Sources */,
				52853FA028CD47C200462AA9 /* TreeHuggerApp.swift in Sources */,
			);
			runOnlyForDeploymentPostprocessing = 0;
		};
		52853FA828CD47C300462AA9 /* Sources */ = {
			isa = PBXSourcesBuildPhase;
			buildActionMask = 2147483647;
			files = (
				52853FB128CD47C300462AA9 /* TreeHuggerTests.swift in Sources */,
			);
			runOnlyForDeploymentPostprocessing = 0;
		};
		52853FB228CD47C300462AA9 /* Sources */ = {
			isa = PBXSourcesBuildPhase;
			buildActionMask = 2147483647;
			files = (
				52853FBD28CD47C300462AA9 /* TreeHuggerUITestsLaunchTests.swift in Sources */,
				52853FBB28CD47C300462AA9 /* TreeHuggerUITests.swift in Sources */,
			);
			runOnlyForDeploymentPostprocessing = 0;
		};
/* End PBXSourcesBuildPhase section */

/* Begin PBXTargetDependency section */
		52853FAE28CD47C300462AA9 /* PBXTargetDependency */ = {
			isa = PBXTargetDependency;
			target = 52853F9B28CD47C200462AA9 /* TreeHugger */;
			targetProxy = 52853FAD28CD47C300462AA9 /* PBXContainerItemProxy */;
		};
		52853FB828CD47C300462AA9 /* PBXTargetDependency */ = {
			isa = PBXTargetDependency;
			target = 52853F9B28CD47C200462AA9 /* TreeHugger */;
			targetProxy = 52853FB728CD47C300462AA9 /* PBXContainerItemProxy */;
		};
/* End PBXTargetDependency section */

/* Begin XCBuildConfiguration section */
		52853FBE28CD47C300462AA9 /* Debug */ = {
			isa = XCBuildConfiguration;
			buildSettings = {
				ALWAYS_SEARCH_USER_PATHS = NO;
				CLANG_ANALYZER_NONNULL = YES;
				CLANG_ANALYZER_NUMBER_OBJECT_CONVERSION = YES_AGGRESSIVE;
				CLANG_CXX_LANGUAGE_STANDARD = "gnu++17";
				CLANG_ENABLE_MODULES = YES;
				CLANG_ENABLE_OBJC_ARC = YES;
				CLANG_ENABLE_OBJC_WEAK = YES;
				CLANG_WARN_BLOCK_CAPTURE_AUTORELEASING = YES;
				CLANG_WARN_BOOL_CONVERSION = YES;
				CLANG_WARN_COMMA = YES;
				CLANG_WARN_CONSTANT_CONVERSION = YES;
				CLANG_WARN_DEPRECATED_OBJC_IMPLEMENTATIONS = YES;
				CLANG_WARN_DIRECT_OBJC_ISA_USAGE = YES_ERROR;
				CLANG_WARN_DOCUMENTATION_COMMENTS = YES;
				CLANG_WARN_EMPTY_BODY = YES;
				CLANG_WARN_ENUM_CONVERSION = YES;
				CLANG_WARN_INFINITE_RECURSION = YES;
				CLANG_WARN_INT_CONVERSION = YES;
				CLANG_WARN_NON_LITERAL_NULL_CONVERSION = YES;
				CLANG_WARN_OBJC_IMPLICIT_RETAIN_SELF = YES;
				CLANG_WARN_OBJC_LITERAL_CONVERSION = YES;
				CLANG_WARN_OBJC_ROOT_CLASS = YES_ERROR;
				CLANG_WARN_QUOTED_INCLUDE_IN_FRAMEWORK_HEADER = YES;
				CLANG_WARN_RANGE_LOOP_ANALYSIS = YES;
				CLANG_WARN_STRICT_PROTOTYPES = YES;
				CLANG_WARN_SUSPICIOUS_MOVE = YES;
				CLANG_WARN_UNGUARDED_AVAILABILITY = YES_AGGRESSIVE;
				CLANG_WARN_UNREACHABLE_CODE = YES;
				CLANG_WARN__DUPLICATE_METHOD_MATCH = YES;
				COPY_PHASE_STRIP = NO;
				DEBUG_INFORMATION_FORMAT = dwarf;
				ENABLE_STRICT_OBJC_MSGSEND = YES;
				ENABLE_TESTABILITY = YES;
				GCC_C_LANGUAGE_STANDARD = gnu11;
				GCC_DYNAMIC_NO_PIC = NO;
				GCC_NO_COMMON_BLOCKS = YES;
				GCC_OPTIMIZATION_LEVEL = 0;
				GCC_PREPROCESSOR_DEFINITIONS = (
					"DEBUG=1",
					"$(inherited)",
				);
				GCC_WARN_64_TO_32_BIT_CONVERSION = YES;
				GCC_WARN_ABOUT_RETURN_TYPE = YES_ERROR;
				GCC_WARN_UNDECLARED_SELECTOR = YES;
				GCC_WARN_UNINITIALIZED_AUTOS = YES_AGGRESSIVE;
				GCC_WARN_UNUSED_FUNCTION = YES;
				GCC_WARN_UNUSED_VARIABLE = YES;
				IPHONEOS_DEPLOYMENT_TARGET = 15.5;
				MTL_ENABLE_DEBUG_INFO = INCLUDE_SOURCE;
				MTL_FAST_MATH = YES;
				ONLY_ACTIVE_ARCH = YES;
				SDKROOT = iphoneos;
				SWIFT_ACTIVE_COMPILATION_CONDITIONS = DEBUG;
				SWIFT_OPTIMIZATION_LEVEL = "-Onone";
			};
			name = Debug;
		};
		52853FBF28CD47C300462AA9 /* Release */ = {
			isa = XCBuildConfiguration;
			buildSettings = {
				ALWAYS_SEARCH_USER_PATHS = NO;
				CLANG_ANALYZER_NONNULL = YES;
				CLANG_ANALYZER_NUMBER_OBJECT_CONVERSION = YES_AGGRESSIVE;
				CLANG_CXX_LANGUAGE_STANDARD = "gnu++17";
				CLANG_ENABLE_MODULES = YES;
				CLANG_ENABLE_OBJC_ARC = YES;
				CLANG_ENABLE_OBJC_WEAK = YES;
				CLANG_WARN_BLOCK_CAPTURE_AUTORELEASING = YES;
				CLANG_WARN_BOOL_CONVERSION = YES;
				CLANG_WARN_COMMA = YES;
				CLANG_WARN_CONSTANT_CONVERSION = YES;
				CLANG_WARN_DEPRECATED_OBJC_IMPLEMENTATIONS = YES;
				CLANG_WARN_DIRECT_OBJC_ISA_USAGE = YES_ERROR;
				CLANG_WARN_DOCUMENTATION_COMMENTS = YES;
				CLANG_WARN_EMPTY_BODY = YES;
				CLANG_WARN_ENUM_CONVERSION = YES;
				CLANG_WARN_INFINITE_RECURSION = YES;
				CLANG_WARN_INT_CONVERSION = YES;
				CLANG_WARN_NON_LITERAL_NULL_CONVERSION = YES;
				CLANG_WARN_OBJC_IMPLICIT_RETAIN_SELF = YES;
				CLANG_WARN_OBJC_LITERAL_CONVERSION = YES;
				CLANG_WARN_OBJC_ROOT_CLASS = YES_ERROR;
				CLANG_WARN_QUOTED_INCLUDE_IN_FRAMEWORK_HEADER = YES;
				CLANG_WARN_RANGE_LOOP_ANALYSIS = YES;
				CLANG_WARN_STRICT_PROTOTYPES = YES;
				CLANG_WARN_SUSPICIOUS_MOVE = YES;
				CLANG_WARN_UNGUARDED_AVAILABILITY = YES_AGGRESSIVE;
				CLANG_WARN_UNREACHABLE_CODE = YES;
				CLANG_WARN__DUPLICATE_METHOD_MATCH = YES;
				COPY_PHASE_STRIP = NO;
				DEBUG_INFORMATION_FORMAT = "dwarf-with-dsym";
				ENABLE_NS_ASSERTIONS = NO;
				ENABLE_STRICT_OBJC_MSGSEND = YES;
				GCC_C_LANGUAGE_STANDARD = gnu11;
				GCC_NO_COMMON_BLOCKS = YES;
				GCC_WARN_64_TO_32_BIT_CONVERSION = YES;
				GCC_WARN_ABOUT_RETURN_TYPE = YES_ERROR;
				GCC_WARN_UNDECLARED_SELECTOR = YES;
				GCC_WARN_UNINITIALIZED_AUTOS = YES_AGGRESSIVE;
				GCC_WARN_UNUSED_FUNCTION = YES;
				GCC_WARN_UNUSED_VARIABLE = YES;
				IPHONEOS_DEPLOYMENT_TARGET = 15.5;
				MTL_ENABLE_DEBUG_INFO = NO;
				MTL_FAST_MATH = YES;
				SDKROOT = iphoneos;
				SWIFT_COMPILATION_MODE = wholemodule;
				SWIFT_OPTIMIZATION_LEVEL = "-O";
				VALIDATE_PRODUCT = YES;
			};
			name = Release;
		};
		52853FC128CD47C300462AA9 /* Debug */ = {
			isa = XCBuildConfiguration;
			buildSettings = {
				ASSETCATALOG_COMPILER_APPICON_NAME = AppIcon;
				ASSETCATALOG_COMPILER_GLOBAL_ACCENT_COLOR_NAME = AccentColor;
				CODE_SIGN_STYLE = Automatic;
				CURRENT_PROJECT_VERSION = 1;
				DEVELOPMENT_ASSET_PATHS = "\"TreeHugger/Preview Content\"";
				DEVELOPMENT_TEAM = QRBWL7FYG6;
				ENABLE_PREVIEWS = YES;
				GENERATE_INFOPLIST_FILE = YES;
				INFOPLIST_FILE = TreeHugger/Info.plist;
				INFOPLIST_KEY_NSLocationWhenInUseUsageDescription = "This app needs your location to show it on the map.";
				INFOPLIST_KEY_UIApplicationSceneManifest_Generation = YES;
				INFOPLIST_KEY_UIApplicationSupportsIndirectInputEvents = YES;
				INFOPLIST_KEY_UILaunchScreen_Generation = YES;
				INFOPLIST_KEY_UISupportedInterfaceOrientations_iPad = "UIInterfaceOrientationPortrait UIInterfaceOrientationPortraitUpsideDown UIInterfaceOrientationLandscapeLeft UIInterfaceOrientationLandscapeRight";
				INFOPLIST_KEY_UISupportedInterfaceOrientations_iPhone = "UIInterfaceOrientationPortrait UIInterfaceOrientationLandscapeLeft UIInterfaceOrientationLandscapeRight";
				LD_RUNPATH_SEARCH_PATHS = (
					"$(inherited)",
					"@executable_path/Frameworks",
				);
				MARKETING_VERSION = 1.0;
				PRODUCT_BUNDLE_IDENTIFIER = com.izidev.TreeHugger;
				PRODUCT_NAME = "$(TARGET_NAME)";
				SWIFT_EMIT_LOC_STRINGS = YES;
				SWIFT_VERSION = 5.0;
				TARGETED_DEVICE_FAMILY = "1,2";
			};
			name = Debug;
		};
		52853FC228CD47C300462AA9 /* Release */ = {
			isa = XCBuildConfiguration;
			buildSettings = {
				ASSETCATALOG_COMPILER_APPICON_NAME = AppIcon;
				ASSETCATALOG_COMPILER_GLOBAL_ACCENT_COLOR_NAME = AccentColor;
				CODE_SIGN_STYLE = Automatic;
				CURRENT_PROJECT_VERSION = 1;
				DEVELOPMENT_ASSET_PATHS = "\"TreeHugger/Preview Content\"";
				DEVELOPMENT_TEAM = QRBWL7FYG6;
				ENABLE_PREVIEWS = YES;
				GENERATE_INFOPLIST_FILE = YES;
				INFOPLIST_FILE = TreeHugger/Info.plist;
				INFOPLIST_KEY_NSLocationWhenInUseUsageDescription = "This app needs your location to show it on the map.";
				INFOPLIST_KEY_UIApplicationSceneManifest_Generation = YES;
				INFOPLIST_KEY_UIApplicationSupportsIndirectInputEvents = YES;
				INFOPLIST_KEY_UILaunchScreen_Generation = YES;
				INFOPLIST_KEY_UISupportedInterfaceOrientations_iPad = "UIInterfaceOrientationPortrait UIInterfaceOrientationPortraitUpsideDown UIInterfaceOrientationLandscapeLeft UIInterfaceOrientationLandscapeRight";
				INFOPLIST_KEY_UISupportedInterfaceOrientations_iPhone = "UIInterfaceOrientationPortrait UIInterfaceOrientationLandscapeLeft UIInterfaceOrientationLandscapeRight";
				LD_RUNPATH_SEARCH_PATHS = (
					"$(inherited)",
					"@executable_path/Frameworks",
				);
				MARKETING_VERSION = 1.0;
				PRODUCT_BUNDLE_IDENTIFIER = com.izidev.TreeHugger;
				PRODUCT_NAME = "$(TARGET_NAME)";
				SWIFT_EMIT_LOC_STRINGS = YES;
				SWIFT_VERSION = 5.0;
				TARGETED_DEVICE_FAMILY = "1,2";
			};
			name = Release;
		};
		52853FC428CD47C300462AA9 /* Debug */ = {
			isa = XCBuildConfiguration;
			buildSettings = {
				ALWAYS_EMBED_SWIFT_STANDARD_LIBRARIES = YES;
				BUNDLE_LOADER = "$(TEST_HOST)";
				CODE_SIGN_STYLE = Automatic;
				CURRENT_PROJECT_VERSION = 1;
				DEVELOPMENT_TEAM = QRBWL7FYG6;
				GENERATE_INFOPLIST_FILE = YES;
				IPHONEOS_DEPLOYMENT_TARGET = 15.5;
				MARKETING_VERSION = 1.0;
				PRODUCT_BUNDLE_IDENTIFIER = com.izidev.TreeHuggerTests;
				PRODUCT_NAME = "$(TARGET_NAME)";
				SWIFT_EMIT_LOC_STRINGS = NO;
				SWIFT_VERSION = 5.0;
				TARGETED_DEVICE_FAMILY = "1,2";
				TEST_HOST = "$(BUILT_PRODUCTS_DIR)/TreeHugger.app/TreeHugger";
			};
			name = Debug;
		};
		52853FC528CD47C300462AA9 /* Release */ = {
			isa = XCBuildConfiguration;
			buildSettings = {
				ALWAYS_EMBED_SWIFT_STANDARD_LIBRARIES = YES;
				BUNDLE_LOADER = "$(TEST_HOST)";
				CODE_SIGN_STYLE = Automatic;
				CURRENT_PROJECT_VERSION = 1;
				DEVELOPMENT_TEAM = QRBWL7FYG6;
				GENERATE_INFOPLIST_FILE = YES;
				IPHONEOS_DEPLOYMENT_TARGET = 15.5;
				MARKETING_VERSION = 1.0;
				PRODUCT_BUNDLE_IDENTIFIER = com.izidev.TreeHuggerTests;
				PRODUCT_NAME = "$(TARGET_NAME)";
				SWIFT_EMIT_LOC_STRINGS = NO;
				SWIFT_VERSION = 5.0;
				TARGETED_DEVICE_FAMILY = "1,2";
				TEST_HOST = "$(BUILT_PRODUCTS_DIR)/TreeHugger.app/TreeHugger";
			};
			name = Release;
		};
		52853FC728CD47C300462AA9 /* Debug */ = {
			isa = XCBuildConfiguration;
			buildSettings = {
				ALWAYS_EMBED_SWIFT_STANDARD_LIBRARIES = YES;
				CODE_SIGN_STYLE = Automatic;
				CURRENT_PROJECT_VERSION = 1;
				DEVELOPMENT_TEAM = QRBWL7FYG6;
				GENERATE_INFOPLIST_FILE = YES;
				MARKETING_VERSION = 1.0;
				PRODUCT_BUNDLE_IDENTIFIER = com.izidev.TreeHuggerUITests;
				PRODUCT_NAME = "$(TARGET_NAME)";
				SWIFT_EMIT_LOC_STRINGS = NO;
				SWIFT_VERSION = 5.0;
				TARGETED_DEVICE_FAMILY = "1,2";
				TEST_TARGET_NAME = TreeHugger;
			};
			name = Debug;
		};
		52853FC828CD47C300462AA9 /* Release */ = {
			isa = XCBuildConfiguration;
			buildSettings = {
				ALWAYS_EMBED_SWIFT_STANDARD_LIBRARIES = YES;
				CODE_SIGN_STYLE = Automatic;
				CURRENT_PROJECT_VERSION = 1;
				DEVELOPMENT_TEAM = QRBWL7FYG6;
				GENERATE_INFOPLIST_FILE = YES;
				MARKETING_VERSION = 1.0;
				PRODUCT_BUNDLE_IDENTIFIER = com.izidev.TreeHuggerUITests;
				PRODUCT_NAME = "$(TARGET_NAME)";
				SWIFT_EMIT_LOC_STRINGS = NO;
				SWIFT_VERSION = 5.0;
				TARGETED_DEVICE_FAMILY = "1,2";
				TEST_TARGET_NAME = TreeHugger;
			};
			name = Release;
		};
/* End XCBuildConfiguration section */

/* Begin XCConfigurationList section */
		52853F9728CD47C200462AA9 /* Build configuration list for PBXProject "TreeHugger" */ = {
			isa = XCConfigurationList;
			buildConfigurations = (
				52853FBE28CD47C300462AA9 /* Debug */,
				52853FBF28CD47C300462AA9 /* Release */,
			);
			defaultConfigurationIsVisible = 0;
			defaultConfigurationName = Release;
		};
		52853FC028CD47C300462AA9 /* Build configuration list for PBXNativeTarget "TreeHugger" */ = {
			isa = XCConfigurationList;
			buildConfigurations = (
				52853FC128CD47C300462AA9 /* Debug */,
				52853FC228CD47C300462AA9 /* Release */,
			);
			defaultConfigurationIsVisible = 0;
			defaultConfigurationName = Release;
		};
		52853FC328CD47C300462AA9 /* Build configuration list for PBXNativeTarget "TreeHuggerTests" */ = {
			isa = XCConfigurationList;
			buildConfigurations = (
				52853FC428CD47C300462AA9 /* Debug */,
				52853FC528CD47C300462AA9 /* Release */,
			);
			defaultConfigurationIsVisible = 0;
			defaultConfigurationName = Release;
		};
		52853FC628CD47C300462AA9 /* Build configuration list for PBXNativeTarget "TreeHuggerUITests" */ = {
			isa = XCConfigurationList;
			buildConfigurations = (
				52853FC728CD47C300462AA9 /* Debug */,
				52853FC828CD47C300462AA9 /* Release */,
			);
			defaultConfigurationIsVisible = 0;
			defaultConfigurationName = Release;
		};
/* End XCConfigurationList section */
	};
	rootObject = 52853F9428CD47C200462AA9 /* Project object */;
}
